<?xml version="1.0" encoding="utf-8"?>
<Project ToolsVersion="4.0" xmlns="http://schemas.microsoft.com/developer/msbuild/2003">
  <ItemGroup>
    <ClCompile Include="src\main.cpp">
      <Filter>Source Files</Filter>
    </ClCompile>
    <ClCompile Include="src\perf_timer.cpp">
      <Filter>Source Files</Filter>
    </ClCompile>
    <ClCompile Include="src\adv_diff_init_concentration.cpp">
      <Filter>Source Files</Filter>
    </ClCompile>
    <ClCompile Include="src\adv_diff_init_velocity.cpp">
      <Filter>Source Files</Filter>
    </ClCompile>
    <ClCompile Include="src\adv_diff_source.cpp">
      <Filter>Source Files</Filter>
    </ClCompile>
    <ClCompile Include="src\adv_diff_boundary_condition.cpp">
      <Filter>Source Files</Filter>
    </ClCompile>
    <ClCompile Include="src\definition_map_file.cpp">
      <Filter>Source Files</Filter>
    </ClCompile>
    <ClCompile Include="src\ugrid1d.cpp">
      <Filter>Source Files</Filter>
    </ClCompile>
    <ClCompile Include="src\cfts.cpp">
      <Filter>Source Files</Filter>
    </ClCompile>
    <ClCompile Include="src\regularization.cpp">
      <Filter>Source Files</Filter>
    </ClCompile>
  </ItemGroup>
  <ItemGroup>
    <Filter Include="Header Files">
      <UniqueIdentifier>{59d2e6ef-145d-4542-b764-0b6a23e2868d}</UniqueIdentifier>
    </Filter>
    <Filter Include="Source Files">
      <UniqueIdentifier>{6d921691-af7e-4f18-b910-0afc12ee82d9}</UniqueIdentifier>
    </Filter>
  </ItemGroup>
  <ItemGroup>
    <ClInclude Include="include\perf_timer.h">
      <Filter>Header Files</Filter>
    </ClInclude>
    <ClInclude Include="include\adv_diff_init_concentration.h">
      <Filter>Header Files</Filter>
    </ClInclude>
    <ClInclude Include="include\adv_diff_init_velocity.h">
      <Filter>Header Files</Filter>
    </ClInclude>
    <ClInclude Include="include\adv_diff_boundary_condition.h">
      <Filter>Header Files</Filter>
    </ClInclude>
    <ClInclude Include="include\adv_diff_source.h">
      <Filter>Header Files</Filter>
    </ClInclude>
    <ClInclude Include="include\adv_diff_linear_operator.h">
      <Filter>Header Files</Filter>
    </ClInclude>
    <ClInclude Include="include\ugrid1d.h">
      <Filter>Header Files</Filter>
    </ClInclude>
    <ClInclude Include="include\definition_map_file.h">
      <Filter>Header Files</Filter>
    </ClInclude>
    <ClInclude Include="include\cfts.h">
      <Filter>Header Files</Filter>
    </ClInclude>
    <ClInclude Include="include\regularization.h">
      <Filter>Header Files</Filter>
    </ClInclude>
  </ItemGroup>
</Project>