<?xml version="1.0" encoding="utf-8"?>
<Project ToolsVersion="4.0" xmlns="http://schemas.microsoft.com/developer/msbuild/2003">
  <ItemGroup>
    <ClCompile Include="src\cfts.cpp">
      <Filter>Source Files</Filter>
    </ClCompile>
    <ClCompile Include="src\main_2d.cpp">
      <Filter>Source Files</Filter>
    </ClCompile>
    <ClCompile Include="src\perf_timer.cpp">
      <Filter>Source Files</Filter>
    </ClCompile>
    <ClCompile Include="src\ugrid2d.cpp">
      <Filter>Source Files</Filter>
    </ClCompile>
    <ClCompile Include="src\initial_conditions.cpp">
      <Filter>Source Files</Filter>
    </ClCompile>
  </ItemGroup>
  <ItemGroup>
    <ClInclude Include="include\cfts.h">
      <Filter>Header Files</Filter>
    </ClInclude>
    <ClInclude Include="include\netcdf.h">
      <Filter>Header Files</Filter>
    </ClInclude>
    <ClInclude Include="include\perf_timer.h">
      <Filter>Header Files</Filter>
    </ClInclude>
    <ClInclude Include="include\ugrid2d.h">
      <Filter>Header Files</Filter>
    </ClInclude>
    <ClInclude Include="include\initial_conditions.h">
      <Filter>Header Files</Filter>
    </ClInclude>
  </ItemGroup>
  <ItemGroup>
    <Filter Include="Header Files">
      <UniqueIdentifier>{99965724-d76d-475d-816f-4f2a53742520}</UniqueIdentifier>
    </Filter>
    <Filter Include="Source Files">
      <UniqueIdentifier>{eab98257-94b7-4a92-a5db-31afb8d34674}</UniqueIdentifier>
    </Filter>
  </ItemGroup>
</Project>